// !$*UTF8*$!
{
	archiveVersion = 1;
	classes = {
	};
	objectVersion = 77;
	objects = {

/* Begin PBXBuildFile section */
		12D854732E9EC97100DD6545 /* RickMortySwiftApi in Frameworks */ = {isa = PBXBuildFile; productRef = 12D854722E9EC97100DD6545 /* RickMortySwiftApi */; };
/* End PBXBuildFile section */

/* Begin PBXContainerItemProxy section */
		12D854432E9EB91D00DD6545 /* PBXContainerItemProxy */ = {
			isa = PBXContainerItemProxy;
			containerPortal = 12D8542D2E9EB91A00DD6545 /* Project object */;
			proxyType = 1;
			remoteGlobalIDString = 12D854342E9EB91A00DD6545;
			remoteInfo = RickAndMortyMVP;
		};
		12D8544D2E9EB91D00DD6545 /* PBXContainerItemProxy */ = {
			isa = PBXContainerItemProxy;
			containerPortal = 12D8542D2E9EB91A00DD6545 /* Project object */;
			proxyType = 1;
			remoteGlobalIDString = 12D854342E9EB91A00DD6545;
			remoteInfo = RickAndMortyMVP;
		};
/* End PBXContainerItemProxy section */

/* Begin PBXFileReference section */
		12D854352E9EB91A00DD6545 /* RickAndMortyMVP.app */ = {isa = PBXFileReference; explicitFileType = wrapper.application; includeInIndex = 0; path = RickAndMortyMVP.app; sourceTree = BUILT_PRODUCTS_DIR; };
		12D854422E9EB91D00DD6545 /* RickAndMortyMVPTests.xctest */ = {isa = PBXFileReference; explicitFileType = wrapper.cfbundle; includeInIndex = 0; path = RickAndMortyMVPTests.xctest; sourceTree = BUILT_PRODUCTS_DIR; };
		12D8544C2E9EB91D00DD6545 /* RickAndMortyMVPUITests.xctest */ = {isa = PBXFileReference; explicitFileType = wrapper.cfbundle; includeInIndex = 0; path = RickAndMortyMVPUITests.xctest; sourceTree = BUILT_PRODUCTS_DIR; };
/* End PBXFileReference section */

/* Begin PBXFileSystemSynchronizedBuildFileExceptionSet section */
		120565532EB4A0BA0046E1CE /* Exceptions for "RickAndMortyMVP" folder in "RickAndMortyMVP" target */ = {
			isa = PBXFileSystemSynchronizedBuildFileExceptionSet;
			membershipExceptions = (
				Info.plist,
			);
			target = 12D854342E9EB91A00DD6545 /* RickAndMortyMVP */;
		};
/* End PBXFileSystemSynchronizedBuildFileExceptionSet section */

/* Begin PBXFileSystemSynchronizedRootGroup section */
		12D854372E9EB91A00DD6545 /* RickAndMortyMVP */ = {
			isa = PBXFileSystemSynchronizedRootGroup;
			exceptions = (
				120565532EB4A0BA0046E1CE /* Exceptions for "RickAndMortyMVP" folder in "RickAndMortyMVP" target */,
			);
			path = RickAndMortyMVP;
			sourceTree = "<group>";
		};
		12D854452E9EB91D00DD6545 /* RickAndMortyMVPTests */ = {
			isa = PBXFileSystemSynchronizedRootGroup;
			path = RickAndMortyMVPTests;
			sourceTree = "<group>";
		};
		12D8544F2E9EB91D00DD6545 /* RickAndMortyMVPUITests */ = {
			isa = PBXFileSystemSynchronizedRootGroup;
			path = RickAndMortyMVPUITests;
			sourceTree = "<group>";
		};
/* End PBXFileSystemSynchronizedRootGroup section */

/* Begin PBXFrameworksBuildPhase section */
		12D854322E9EB91A00DD6545 /* Frameworks */ = {
			isa = PBXFrameworksBuildPhase;
			buildActionMask = 2147483647;
			files = (
				12D854732E9EC97100DD6545 /* RickMortySwiftApi in Frameworks */,
			);
			runOnlyForDeploymentPostprocessing = 0;
		};
		12D8543F2E9EB91D00DD6545 /* Frameworks */ = {
			isa = PBXFrameworksBuildPhase;
			buildActionMask = 2147483647;
			files = (
			);
			runOnlyForDeploymentPostprocessing = 0;
		};
		12D854492E9EB91D00DD6545 /* Frameworks */ = {
			isa = PBXFrameworksBuildPhase;
			buildActionMask = 2147483647;
			files = (
			);
			runOnlyForDeploymentPostprocessing = 0;
		};
/* End PBXFrameworksBuildPhase section */

/* Begin PBXGroup section */
		12D8542C2E9EB91A00DD6545 = {
			isa = PBXGroup;
			children = (
				12D854372E9EB91A00DD6545 /* RickAndMortyMVP */,
				12D854452E9EB91D00DD6545 /* RickAndMortyMVPTests */,
				12D8544F2E9EB91D00DD6545 /* RickAndMortyMVPUITests */,
				12D854362E9EB91A00DD6545 /* Products */,
			);
			sourceTree = "<group>";
		};
		12D854362E9EB91A00DD6545 /* Products */ = {
			isa = PBXGroup;
			children = (
				12D854352E9EB91A00DD6545 /* RickAndMortyMVP.app */,
				12D854422E9EB91D00DD6545 /* RickAndMortyMVPTests.xctest */,
				12D8544C2E9EB91D00DD6545 /* RickAndMortyMVPUITests.xctest */,
			);
			name = Products;
			sourceTree = "<group>";
		};
/* End PBXGroup section */

/* Begin PBXNativeTarget section */
		12D854342E9EB91A00DD6545 /* RickAndMortyMVP */ = {
			isa = PBXNativeTarget;
			buildConfigurationList = 12D854562E9EB91D00DD6545 /* Build configuration list for PBXNativeTarget "RickAndMortyMVP" */;
			buildPhases = (
				12D854312E9EB91A00DD6545 /* Sources */,
				12D854322E9EB91A00DD6545 /* Frameworks */,
				12D854332E9EB91A00DD6545 /* Resources */,
			);
			buildRules = (
			);
			dependencies = (
			);
			fileSystemSynchronizedGroups = (
				12D854372E9EB91A00DD6545 /* RickAndMortyMVP */,
			);
			name = RickAndMortyMVP;
			packageProductDependencies = (
				12D854722E9EC97100DD6545 /* RickMortySwiftApi */,
			);
			productName = RickAndMortyMVP;
			productReference = 12D854352E9EB91A00DD6545 /* RickAndMortyMVP.app */;
			productType = "com.apple.product-type.application";
		};
		12D854412E9EB91D00DD6545 /* RickAndMortyMVPTests */ = {
			isa = PBXNativeTarget;
			buildConfigurationList = 12D854592E9EB91D00DD6545 /* Build configuration list for PBXNativeTarget "RickAndMortyMVPTests" */;
			buildPhases = (
				12D8543E2E9EB91D00DD6545 /* Sources */,
				12D8543F2E9EB91D00DD6545 /* Frameworks */,
				12D854402E9EB91D00DD6545 /* Resources */,
			);
			buildRules = (
			);
			dependencies = (
				12D854442E9EB91D00DD6545 /* PBXTargetDependency */,
			);
			fileSystemSynchronizedGroups = (
				12D854452E9EB91D00DD6545 /* RickAndMortyMVPTests */,
			);
			name = RickAndMortyMVPTests;
			packageProductDependencies = (
			);
			productName = RickAndMortyMVPTests;
			productReference = 12D854422E9EB91D00DD6545 /* RickAndMortyMVPTests.xctest */;
			productType = "com.apple.product-type.bundle.unit-test";
		};
		12D8544B2E9EB91D00DD6545 /* RickAndMortyMVPUITests */ = {
			isa = PBXNativeTarget;
			buildConfigurationList = 12D8545C2E9EB91D00DD6545 /* Build configuration list for PBXNativeTarget "RickAndMortyMVPUITests" */;
			buildPhases = (
				12D854482E9EB91D00DD6545 /* Sources */,
				12D854492E9EB91D00DD6545 /* Frameworks */,
				12D8544A2E9EB91D00DD6545 /* Resources */,
			);
			buildRules = (
			);
			dependencies = (
				12D8544E2E9EB91D00DD6545 /* PBXTargetDependency */,
			);
			fileSystemSynchronizedGroups = (
				12D8544F2E9EB91D00DD6545 /* RickAndMortyMVPUITests */,
			);
			name = RickAndMortyMVPUITests;
			packageProductDependencies = (
			);
			productName = RickAndMortyMVPUITests;
			productReference = 12D8544C2E9EB91D00DD6545 /* RickAndMortyMVPUITests.xctest */;
			productType = "com.apple.product-type.bundle.ui-testing";
		};
/* End PBXNativeTarget section */

/* Begin PBXProject section */
		12D8542D2E9EB91A00DD6545 /* Project object */ = {
			isa = PBXProject;
			attributes = {
				BuildIndependentTargetsInParallel = 1;
				LastSwiftUpdateCheck = 1640;
				LastUpgradeCheck = 1640;
				TargetAttributes = {
					12D854342E9EB91A00DD6545 = {
						CreatedOnToolsVersion = 16.4;
					};
					12D854412E9EB91D00DD6545 = {
						CreatedOnToolsVersion = 16.4;
						TestTargetID = 12D854342E9EB91A00DD6545;
					};
					12D8544B2E9EB91D00DD6545 = {
						CreatedOnToolsVersion = 16.4;
						TestTargetID = 12D854342E9EB91A00DD6545;
					};
				};
			};
			buildConfigurationList = 12D854302E9EB91A00DD6545 /* Build configuration list for PBXProject "RickAndMortyMVP" */;
			developmentRegion = en;
			hasScannedForEncodings = 0;
			knownRegions = (
				en,
				Base,
				es,
			);
			mainGroup = 12D8542C2E9EB91A00DD6545;
			minimizedProjectReferenceProxies = 1;
			packageReferences = (
				12D854712E9EC97100DD6545 /* XCRemoteSwiftPackageReference "Rick-and-Morty-Swift-API" */,
			);
			preferredProjectObjectVersion = 77;
			productRefGroup = 12D854362E9EB91A00DD6545 /* Products */;
			projectDirPath = "";
			projectRoot = "";
			targets = (
				12D854342E9EB91A00DD6545 /* RickAndMortyMVP */,
				12D854412E9EB91D00DD6545 /* RickAndMortyMVPTests */,
				12D8544B2E9EB91D00DD6545 /* RickAndMortyMVPUITests */,
			);
		};
/* End PBXProject section */

/* Begin PBXResourcesBuildPhase section */
		12D854332E9EB91A00DD6545 /* Resources */ = {
			isa = PBXResourcesBuildPhase;
			buildActionMask = 2147483647;
			files = (
			);
			runOnlyForDeploymentPostprocessing = 0;
		};
		12D854402E9EB91D00DD6545 /* Resources */ = {
			isa = PBXResourcesBuildPhase;
			buildActionMask = 2147483647;
			files = (
			);
			runOnlyForDeploymentPostprocessing = 0;
		};
		12D8544A2E9EB91D00DD6545 /* Resources */ = {
			isa = PBXResourcesBuildPhase;
			buildActionMask = 2147483647;
			files = (
			);
			runOnlyForDeploymentPostprocessing = 0;
		};
/* End PBXResourcesBuildPhase section */

/* Begin PBXSourcesBuildPhase section */
		12D854312E9EB91A00DD6545 /* Sources */ = {
			isa = PBXSourcesBuildPhase;
			buildActionMask = 2147483647;
			files = (
			);
			runOnlyForDeploymentPostprocessing = 0;
		};
		12D8543E2E9EB91D00DD6545 /* Sources */ = {
			isa = PBXSourcesBuildPhase;
			buildActionMask = 2147483647;
			files = (
			);
			runOnlyForDeploymentPostprocessing = 0;
		};
		12D854482E9EB91D00DD6545 /* Sources */ = {
			isa = PBXSourcesBuildPhase;
			buildActionMask = 2147483647;
			files = (
			);
			runOnlyForDeploymentPostprocessing = 0;
		};
/* End PBXSourcesBuildPhase section */

/* Begin PBXTargetDependency section */
		12D854442E9EB91D00DD6545 /* PBXTargetDependency */ = {
			isa = PBXTargetDependency;
			target = 12D854342E9EB91A00DD6545 /* RickAndMortyMVP */;
			targetProxy = 12D854432E9EB91D00DD6545 /* PBXContainerItemProxy */;
		};
		12D8544E2E9EB91D00DD6545 /* PBXTargetDependency */ = {
			isa = PBXTargetDependency;
			target = 12D854342E9EB91A00DD6545 /* RickAndMortyMVP */;
			targetProxy = 12D8544D2E9EB91D00DD6545 /* PBXContainerItemProxy */;
		};
/* End PBXTargetDependency section */

/* Begin XCBuildConfiguration section */
		12D854542E9EB91D00DD6545 /* Debug */ = {
			isa = XCBuildConfiguration;
			baseConfigurationReferenceAnchor = 12D854372E9EB91A00DD6545 /* RickAndMortyMVP */;
			baseConfigurationReferenceRelativePath = Environments/Debug.xcconfig;
			buildSettings = {
				ALWAYS_SEARCH_USER_PATHS = NO;
				ASSETCATALOG_COMPILER_GENERATE_SWIFT_ASSET_SYMBOL_EXTENSIONS = YES;
				CLANG_ANALYZER_NONNULL = YES;
				CLANG_ANALYZER_NUMBER_OBJECT_CONVERSION = YES_AGGRESSIVE;
				CLANG_CXX_LANGUAGE_STANDARD = "gnu++20";
				CLANG_ENABLE_MODULES = YES;
				CLANG_ENABLE_OBJC_ARC = YES;
				CLANG_ENABLE_OBJC_WEAK = YES;
				CLANG_WARN_BLOCK_CAPTURE_AUTORELEASING = YES;
				CLANG_WARN_BOOL_CONVERSION = YES;
				CLANG_WARN_COMMA = YES;
				CLANG_WARN_CONSTANT_CONVERSION = YES;
				CLANG_WARN_DEPRECATED_OBJC_IMPLEMENTATIONS = YES;
				CLANG_WARN_DIRECT_OBJC_ISA_USAGE = YES_ERROR;
				CLANG_WARN_DOCUMENTATION_COMMENTS = YES;
				CLANG_WARN_EMPTY_BODY = YES;
				CLANG_WARN_ENUM_CONVERSION = YES;
				CLANG_WARN_INFINITE_RECURSION = YES;
				CLANG_WARN_INT_CONVERSION = YES;
				CLANG_WARN_NON_LITERAL_NULL_CONVERSION = YES;
				CLANG_WARN_OBJC_IMPLICIT_RETAIN_SELF = YES;
				CLANG_WARN_OBJC_LITERAL_CONVERSION = YES;
				CLANG_WARN_OBJC_ROOT_CLASS = YES_ERROR;
				CLANG_WARN_QUOTED_INCLUDE_IN_FRAMEWORK_HEADER = YES;
				CLANG_WARN_RANGE_LOOP_ANALYSIS = YES;
				CLANG_WARN_STRICT_PROTOTYPES = YES;
				CLANG_WARN_SUSPICIOUS_MOVE = YES;
				CLANG_WARN_UNGUARDED_AVAILABILITY = YES_AGGRESSIVE;
				CLANG_WARN_UNREACHABLE_CODE = YES;
				CLANG_WARN__DUPLICATE_METHOD_MATCH = YES;
				COPY_PHASE_STRIP = NO;
				DEBUG_INFORMATION_FORMAT = dwarf;
				DEVELOPMENT_TEAM = 6UNM5J9ZTZ;
				ENABLE_STRICT_OBJC_MSGSEND = YES;
				ENABLE_TESTABILITY = YES;
				ENABLE_USER_SCRIPT_SANDBOXING = YES;
				GCC_C_LANGUAGE_STANDARD = gnu17;
				GCC_DYNAMIC_NO_PIC = NO;
				GCC_NO_COMMON_BLOCKS = YES;
				GCC_OPTIMIZATION_LEVEL = 0;
				GCC_PREPROCESSOR_DEFINITIONS = (
					"DEBUG=1",
					"$(inherited)",
				);
				GCC_WARN_64_TO_32_BIT_CONVERSION = YES;
				GCC_WARN_ABOUT_RETURN_TYPE = YES_ERROR;
				GCC_WARN_UNDECLARED_SELECTOR = YES;
				GCC_WARN_UNINITIALIZED_AUTOS = YES_AGGRESSIVE;
				GCC_WARN_UNUSED_FUNCTION = YES;
				GCC_WARN_UNUSED_VARIABLE = YES;
				IPHONEOS_DEPLOYMENT_TARGET = 18.5;
				LOCALIZATION_PREFERS_STRING_CATALOGS = YES;
				MTL_ENABLE_DEBUG_INFO = INCLUDE_SOURCE;
				MTL_FAST_MATH = YES;
				ONLY_ACTIVE_ARCH = YES;
				SDKROOT = iphoneos;
				SWIFT_ACTIVE_COMPILATION_CONDITIONS = "DEBUG $(inherited)";
				SWIFT_EMIT_LOC_STRINGS = YES;
				SWIFT_OPTIMIZATION_LEVEL = "-Onone";
			};
			name = Debug;
		};
		12D854552E9EB91D00DD6545 /* Release */ = {
			isa = XCBuildConfiguration;
			baseConfigurationReferenceAnchor = 12D854372E9EB91A00DD6545 /* RickAndMortyMVP */;
			baseConfigurationReferenceRelativePath = Environments/Release.xcconfig;
			buildSettings = {
				ALWAYS_SEARCH_USER_PATHS = NO;
				ASSETCATALOG_COMPILER_GENERATE_SWIFT_ASSET_SYMBOL_EXTENSIONS = YES;
				CLANG_ANALYZER_NONNULL = YES;
				CLANG_ANALYZER_NUMBER_OBJECT_CONVERSION = YES_AGGRESSIVE;
				CLANG_CXX_LANGUAGE_STANDARD = "gnu++20";
				CLANG_ENABLE_MODULES = YES;
				CLANG_ENABLE_OBJC_ARC = YES;
				CLANG_ENABLE_OBJC_WEAK = YES;
				CLANG_WARN_BLOCK_CAPTURE_AUTORELEASING = YES;
				CLANG_WARN_BOOL_CONVERSION = YES;
				CLANG_WARN_COMMA = YES;
				CLANG_WARN_CONSTANT_CONVERSION = YES;
				CLANG_WARN_DEPRECATED_OBJC_IMPLEMENTATIONS = YES;
				CLANG_WARN_DIRECT_OBJC_ISA_USAGE = YES_ERROR;
				CLANG_WARN_DOCUMENTATION_COMMENTS = YES;
				CLANG_WARN_EMPTY_BODY = YES;
				CLANG_WARN_ENUM_CONVERSION = YES;
				CLANG_WARN_INFINITE_RECURSION = YES;
				CLANG_WARN_INT_CONVERSION = YES;
				CLANG_WARN_NON_LITERAL_NULL_CONVERSION = YES;
				CLANG_WARN_OBJC_IMPLICIT_RETAIN_SELF = YES;
				CLANG_WARN_OBJC_LITERAL_CONVERSION = YES;
				CLANG_WARN_OBJC_ROOT_CLASS = YES_ERROR;
				CLANG_WARN_QUOTED_INCLUDE_IN_FRAMEWORK_HEADER = YES;
				CLANG_WARN_RANGE_LOOP_ANALYSIS = YES;
				CLANG_WARN_STRICT_PROTOTYPES = YES;
				CLANG_WARN_SUSPICIOUS_MOVE = YES;
				CLANG_WARN_UNGUARDED_AVAILABILITY = YES_AGGRESSIVE;
				CLANG_WARN_UNREACHABLE_CODE = YES;
				CLANG_WARN__DUPLICATE_METHOD_MATCH = YES;
				COPY_PHASE_STRIP = NO;
				DEBUG_INFORMATION_FORMAT = "dwarf-with-dsym";
				DEVELOPMENT_TEAM = 6UNM5J9ZTZ;
				ENABLE_NS_ASSERTIONS = NO;
				ENABLE_STRICT_OBJC_MSGSEND = YES;
				ENABLE_USER_SCRIPT_SANDBOXING = YES;
				GCC_C_LANGUAGE_STANDARD = gnu17;
				GCC_NO_COMMON_BLOCKS = YES;
				GCC_WARN_64_TO_32_BIT_CONVERSION = YES;
				GCC_WARN_ABOUT_RETURN_TYPE = YES_ERROR;
				GCC_WARN_UNDECLARED_SELECTOR = YES;
				GCC_WARN_UNINITIALIZED_AUTOS = YES_AGGRESSIVE;
				GCC_WARN_UNUSED_FUNCTION = YES;
				GCC_WARN_UNUSED_VARIABLE = YES;
				IPHONEOS_DEPLOYMENT_TARGET = 18.5;
				LOCALIZATION_PREFERS_STRING_CATALOGS = YES;
				MTL_ENABLE_DEBUG_INFO = NO;
				MTL_FAST_MATH = YES;
				SDKROOT = iphoneos;
				SWIFT_COMPILATION_MODE = wholemodule;
				SWIFT_EMIT_LOC_STRINGS = YES;
				VALIDATE_PRODUCT = YES;
			};
			name = Release;
		};
		12D854572E9EB91D00DD6545 /* Debug */ = {
			isa = XCBuildConfiguration;
			buildSettings = {
				ASSETCATALOG_COMPILER_APPICON_NAME = AppIcon;
				ASSETCATALOG_COMPILER_GLOBAL_ACCENT_COLOR_NAME = AccentColor;
				CODE_SIGN_STYLE = Automatic;
				CURRENT_PROJECT_VERSION = 1;
				DEVELOPMENT_TEAM = BHS955B27U;
				ENABLE_PREVIEWS = YES;
				GENERATE_INFOPLIST_FILE = YES;
				INFOPLIST_FILE = RickAndMortyMVP/Info.plist;
				INFOPLIST_KEY_CFBundleDisplayName = "Rick & Morty";
				INFOPLIST_KEY_UIApplicationSceneManifest_Generation = YES;
				INFOPLIST_KEY_UIApplicationSupportsIndirectInputEvents = YES;
				INFOPLIST_KEY_UILaunchScreen_Generation = YES;
				INFOPLIST_KEY_UISupportedInterfaceOrientations_iPad = "UIInterfaceOrientationPortrait UIInterfaceOrientationPortraitUpsideDown UIInterfaceOrientationLandscapeLeft UIInterfaceOrientationLandscapeRight";
				INFOPLIST_KEY_UISupportedInterfaceOrientations_iPhone = "UIInterfaceOrientationPortrait UIInterfaceOrientationLandscapeLeft UIInterfaceOrientationLandscapeRight";
				LD_RUNPATH_SEARCH_PATHS = (
					"$(inherited)",
					"@executable_path/Frameworks",
				);
				MARKETING_VERSION = 1.0;
				PRODUCT_BUNDLE_IDENTIFIER = org.developer.rickandmorty.RickAndMortyMVP;
				PRODUCT_NAME = "$(TARGET_NAME)";
				SWIFT_EMIT_LOC_STRINGS = YES;
				SWIFT_VERSION = 5.0;
				TARGETED_DEVICE_FAMILY = "1,2";
			};
			name = Debug;
		};
		12D854582E9EB91D00DD6545 /* Release */ = {
			isa = XCBuildConfiguration;
			buildSettings = {
				ASSETCATALOG_COMPILER_APPICON_NAME = AppIcon;
				ASSETCATALOG_COMPILER_GLOBAL_ACCENT_COLOR_NAME = AccentColor;
				CODE_SIGN_STYLE = Automatic;
				CURRENT_PROJECT_VERSION = 1;
				DEVELOPMENT_TEAM = BHS955B27U;
				ENABLE_PREVIEWS = YES;
				GENERATE_INFOPLIST_FILE = YES;
				INFOPLIST_FILE = RickAndMortyMVP/Info.plist;
				INFOPLIST_KEY_CFBundleDisplayName = "Rick & Morty";
				INFOPLIST_KEY_UIApplicationSceneManifest_Generation = YES;
				INFOPLIST_KEY_UIApplicationSupportsIndirectInputEvents = YES;
				INFOPLIST_KEY_UILaunchScreen_Generation = YES;
				INFOPLIST_KEY_UISupportedInterfaceOrientations_iPad = "UIInterfaceOrientationPortrait UIInterfaceOrientationPortraitUpsideDown UIInterfaceOrientationLandscapeLeft UIInterfaceOrientationLandscapeRight";
				INFOPLIST_KEY_UISupportedInterfaceOrientations_iPhone = "UIInterfaceOrientationPortrait UIInterfaceOrientationLandscapeLeft UIInterfaceOrientationLandscapeRight";
				LD_RUNPATH_SEARCH_PATHS = (
					"$(inherited)",
					"@executable_path/Frameworks",
				);
				MARKETING_VERSION = 1.0;
				PRODUCT_BUNDLE_IDENTIFIER = org.developer.rickandmorty.RickAndMortyMVP;
				PRODUCT_NAME = "$(TARGET_NAME)";
				SWIFT_EMIT_LOC_STRINGS = YES;
				SWIFT_VERSION = 5.0;
				TARGETED_DEVICE_FAMILY = "1,2";
			};
			name = Release;
		};
		12D8545A2E9EB91D00DD6545 /* Debug */ = {
			isa = XCBuildConfiguration;
			buildSettings = {
				BUNDLE_LOADER = "$(TEST_HOST)";
				CODE_SIGN_STYLE = Automatic;
				CURRENT_PROJECT_VERSION = 1;
				DEVELOPMENT_TEAM = 6UNM5J9ZTZ;
				GENERATE_INFOPLIST_FILE = YES;
				IPHONEOS_DEPLOYMENT_TARGET = 18.5;
				MARKETING_VERSION = 1.0;
				PRODUCT_BUNDLE_IDENTIFIER = org.developer.rickandmorty.RickAndMortyMVPTests;
				PRODUCT_NAME = "$(TARGET_NAME)";
				SWIFT_EMIT_LOC_STRINGS = NO;
				SWIFT_VERSION = 5.0;
				TARGETED_DEVICE_FAMILY = "1,2";
				TEST_HOST = "$(BUILT_PRODUCTS_DIR)/RickAndMortyMVP.app/$(BUNDLE_EXECUTABLE_FOLDER_PATH)/RickAndMortyMVP";
			};
			name = Debug;
		};
		12D8545B2E9EB91D00DD6545 /* Release */ = {
			isa = XCBuildConfiguration;
			buildSettings = {
				BUNDLE_LOADER = "$(TEST_HOST)";
				CODE_SIGN_STYLE = Automatic;
				CURRENT_PROJECT_VERSION = 1;
				DEVELOPMENT_TEAM = 6UNM5J9ZTZ;
				GENERATE_INFOPLIST_FILE = YES;
				IPHONEOS_DEPLOYMENT_TARGET = 18.5;
				MARKETING_VERSION = 1.0;
				PRODUCT_BUNDLE_IDENTIFIER = org.developer.rickandmorty.RickAndMortyMVPTests;
				PRODUCT_NAME = "$(TARGET_NAME)";
				SWIFT_EMIT_LOC_STRINGS = NO;
				SWIFT_VERSION = 5.0;
				TARGETED_DEVICE_FAMILY = "1,2";
				TEST_HOST = "$(BUILT_PRODUCTS_DIR)/RickAndMortyMVP.app/$(BUNDLE_EXECUTABLE_FOLDER_PATH)/RickAndMortyMVP";
			};
			name = Release;
		};
		12D8545D2E9EB91D00DD6545 /* Debug */ = {
			isa = XCBuildConfiguration;
			buildSettings = {
				CODE_SIGN_STYLE = Automatic;
				CURRENT_PROJECT_VERSION = 1;
				DEVELOPMENT_TEAM = 6UNM5J9ZTZ;
				GENERATE_INFOPLIST_FILE = YES;
				MARKETING_VERSION = 1.0;
				PRODUCT_BUNDLE_IDENTIFIER = org.developer.rickandmorty.RickAndMortyMVPUITests;
				PRODUCT_NAME = "$(TARGET_NAME)";
				SWIFT_EMIT_LOC_STRINGS = NO;
				SWIFT_VERSION = 5.0;
				TARGETED_DEVICE_FAMILY = "1,2";
				TEST_TARGET_NAME = RickAndMortyMVP;
			};
			name = Debug;
		};
		12D8545E2E9EB91D00DD6545 /* Release */ = {
			isa = XCBuildConfiguration;
			buildSettings = {
				CODE_SIGN_STYLE = Automatic;
				CURRENT_PROJECT_VERSION = 1;
				DEVELOPMENT_TEAM = 6UNM5J9ZTZ;
				GENERATE_INFOPLIST_FILE = YES;
				MARKETING_VERSION = 1.0;
				PRODUCT_BUNDLE_IDENTIFIER = org.developer.rickandmorty.RickAndMortyMVPUITests;
				PRODUCT_NAME = "$(TARGET_NAME)";
				SWIFT_EMIT_LOC_STRINGS = NO;
				SWIFT_VERSION = 5.0;
				TARGETED_DEVICE_FAMILY = "1,2";
				TEST_TARGET_NAME = RickAndMortyMVP;
			};
			name = Release;
		};
/* End XCBuildConfiguration section */

/* Begin XCConfigurationList section */
		12D854302E9EB91A00DD6545 /* Build configuration list for PBXProject "RickAndMortyMVP" */ = {
			isa = XCConfigurationList;
			buildConfigurations = (
				12D854542E9EB91D00DD6545 /* Debug */,
				12D854552E9EB91D00DD6545 /* Release */,
			);
			defaultConfigurationIsVisible = 0;
			defaultConfigurationName = Release;
		};
		12D854562E9EB91D00DD6545 /* Build configuration list for PBXNativeTarget "RickAndMortyMVP" */ = {
			isa = XCConfigurationList;
			buildConfigurations = (
				12D854572E9EB91D00DD6545 /* Debug */,
				12D854582E9EB91D00DD6545 /* Release */,
			);
			defaultConfigurationIsVisible = 0;
			defaultConfigurationName = Release;
		};
		12D854592E9EB91D00DD6545 /* Build configuration list for PBXNativeTarget "RickAndMortyMVPTests" */ = {
			isa = XCConfigurationList;
			buildConfigurations = (
				12D8545A2E9EB91D00DD6545 /* Debug */,
				12D8545B2E9EB91D00DD6545 /* Release */,
			);
			defaultConfigurationIsVisible = 0;
			defaultConfigurationName = Release;
		};
		12D8545C2E9EB91D00DD6545 /* Build configuration list for PBXNativeTarget "RickAndMortyMVPUITests" */ = {
			isa = XCConfigurationList;
			buildConfigurations = (
				12D8545D2E9EB91D00DD6545 /* Debug */,
				12D8545E2E9EB91D00DD6545 /* Release */,
			);
			defaultConfigurationIsVisible = 0;
			defaultConfigurationName = Release;
		};
/* End XCConfigurationList section */

/* Begin XCRemoteSwiftPackageReference section */
		12D854712E9EC97100DD6545 /* XCRemoteSwiftPackageReference "Rick-and-Morty-Swift-API" */ = {
			isa = XCRemoteSwiftPackageReference;
			repositoryURL = "https://github.com/benjaminbruch/Rick-and-Morty-Swift-API?tab=readme-ov-file";
			requirement = {
				branch = main;
				kind = branch;
			};
		};
/* End XCRemoteSwiftPackageReference section */

/* Begin XCSwiftPackageProductDependency section */
		12D854722E9EC97100DD6545 /* RickMortySwiftApi */ = {
			isa = XCSwiftPackageProductDependency;
			package = 12D854712E9EC97100DD6545 /* XCRemoteSwiftPackageReference "Rick-and-Morty-Swift-API" */;
			productName = RickMortySwiftApi;
		};
/* End XCSwiftPackageProductDependency section */
	};
	rootObject = 12D8542D2E9EB91A00DD6545 /* Project object */;
}
